
Microsoft Visual Studio Solution File, Format Version 12.00
# Visual Studio Version 16
VisualStudioVersion = 16.0.30104.148
MinimumVisualStudioVersion = 10.0.40219.1
Project("{9A19103F-16F7-4668-BE54-9A1E7A4F7556}") = "HelloWebGPUNet.Web", "HelloWebGPUNet.Web\HelloWebGPUNet.Web.csproj", "{E62579AB-133C-45E1-A180-9B37710DE63A}"
EndProject
Project("{9A19103F-16F7-4668-BE54-9A1E7A4F7556}") = "WaveEngine.Bindings.WebGPU", "..\WebGPU.NET\WebGPUGen\WaveEngine.Bindings.WebGPU\WaveEngine.Bindings.WebGPU.csproj", "{AD7CEBD5-5EFA-4A3F-97D8-4B39FB796013}"
EndProject
Global
	GlobalSection(SolutionConfigurationPlatforms) = preSolution
		Debug|Any CPU = Debug|Any CPU
		Debug|x64 = Debug|x64
		Debug|x86 = Debug|x86
		Release|Any CPU = Release|Any CPU
		Release|x64 = Release|x64
		Release|x86 = Release|x86
	EndGlobalSection
	GlobalSection(ProjectConfigurationPlatforms) = postSolution
		{E62579AB-133C-45E1-A180-9B37710DE63A}.Debug|Any CPU.ActiveCfg = Debug|Any CPU
		{E62579AB-133C-45E1-A180-9B37710DE63A}.Debug|Any CPU.Build.0 = Debug|Any CPU
		{E62579AB-133C-45E1-A180-9B37710DE63A}.Debug|x64.ActiveCfg = Debug|Any CPU
		{E62579AB-133C-45E1-A180-9B37710DE63A}.Debug|x64.Build.0 = Debug|Any CPU
		{E62579AB-133C-45E1-A180-9B37710DE63A}.Debug|x86.ActiveCfg = Debug|Any CPU
		{E62579AB-133C-45E1-A180-9B37710DE63A}.Debug|x86.Build.0 = Debug|Any CPU
		{E62579AB-133C-45E1-A180-9B37710DE63A}.Release|Any CPU.ActiveCfg = Release|Any CPU
		{E62579AB-133C-45E1-A180-9B37710DE63A}.Release|Any CPU.Build.0 = Release|Any CPU
		{E62579AB-133C-45E1-A180-9B37710DE63A}.Release|x64.ActiveCfg = Release|Any CPU
		{E62579AB-133C-45E1-A180-9B37710DE63A}.Release|x64.Build.0 = Release|Any CPU
		{E62579AB-133C-45E1-A180-9B37710DE63A}.Release|x86.ActiveCfg = Release|Any CPU
		{E62579AB-133C-45E1-A180-9B37710DE63A}.Release|x86.Build.0 = Release|Any CPU
		{AD7CEBD5-5EFA-4A3F-97D8-4B39FB796013}.Debug|Any CPU.ActiveCfg = Debug|Any CPU
		{AD7CEBD5-5EFA-4A3F-97D8-4B39FB796013}.Debug|Any CPU.Build.0 = Debug|Any CPU
		{AD7CEBD5-5EFA-4A3F-97D8-4B39FB796013}.Debug|x64.ActiveCfg = Debug|Any CPU
		{AD7CEBD5-5EFA-4A3F-97D8-4B39FB796013}.Debug|x64.Build.0 = Debug|Any CPU
		{AD7CEBD5-5EFA-4A3F-97D8-4B39FB796013}.Debug|x86.ActiveCfg = Debug|Any CPU
		{AD7CEBD5-5EFA-4A3F-97D8-4B39FB796013}.Debug|x86.Build.0 = Debug|Any CPU
		{AD7CEBD5-5EFA-4A3F-97D8-4B39FB796013}.Release|Any CPU.ActiveCfg = Release|Any CPU
		{AD7CEBD5-5EFA-4A3F-97D8-4B39FB796013}.Release|Any CPU.Build.0 = Release|Any CPU
		{AD7CEBD5-5EFA-4A3F-97D8-4B39FB796013}.Release|x64.ActiveCfg = Release|Any CPU
		{AD7CEBD5-5EFA-4A3F-97D8-4B39FB796013}.Release|x64.Build.0 = Release|Any CPU
		{AD7CEBD5-5EFA-4A3F-97D8-4B39FB796013}.Release|x86.ActiveCfg = Release|Any CPU
		{AD7CEBD5-5EFA-4A3F-97D8-4B39FB796013}.Release|x86.Build.0 = Release|Any CPU
	EndGlobalSection
	GlobalSection(SolutionProperties) = preSolution
		HideSolutionNode = FALSE
	EndGlobalSection
	GlobalSection(ExtensibilityGlobals) = postSolution
		SolutionGuid = {4702F0AE-6EF8-4A11-9FBD-A55020D50EF6}
	EndGlobalSection
EndGlobal
